<?xml version="1.0" encoding="utf-8"?>
<Project ToolsVersion="4.0" xmlns="http://schemas.microsoft.com/developer/msbuild/2003">
  <ItemGroup>
    <Filter Include="Source Files">
      <UniqueIdentifier>{4FC737F1-C7A5-4376-A066-2A32D752A2FF}</UniqueIdentifier>
      <Extensions>cpp;c;cc;cxx;def;odl;idl;hpj;bat;asm;asmx</Extensions>
    </Filter>
    <Filter Include="Header Files">
      <UniqueIdentifier>{93995380-89BD-4b04-88EB-625FBE52EBFB}</UniqueIdentifier>
      <Extensions>h;hh;hpp;hxx;hm;inl;inc;ipp;xsd</Extensions>
    </Filter>
    <Filter Include="Resource Files">
      <UniqueIdentifier>{67DA6AB6-F800-4c08-8B7A-83BB121AAD01}</UniqueIdentifier>
      <Extensions>rc;ico;cur;bmp;dlg;rc2;rct;bin;rgs;gif;jpg;jpeg;jpe;resx;tiff;tif;png;wav;mfcribbon-ms</Extensions>
    </Filter>
    <Filter Include="imGUI">
      <UniqueIdentifier>{2a541b67-8ddd-4c09-a730-f9b21e12b752}</UniqueIdentifier>
    </Filter>
    <Filter Include="Engine">
      <UniqueIdentifier>{d7a729d1-1f63-4c3c-a5e8-39faeda8c3eb}</UniqueIdentifier>
    </Filter>
    <Filter Include="Engine\Header Files">
      <UniqueIdentifier>{5c5ff813-f20e-43cf-b458-e3446ccacc18}</UniqueIdentifier>
    </Filter>
    <Filter Include="Engine\Source Files">
      <UniqueIdentifier>{77bd5858-1fc9-4798-b1b8-ab1bcf6eeb1e}</UniqueIdentifier>
    </Filter>
    <Filter Include="Engine\Resources">
      <UniqueIdentifier>{551966f1-75f1-487d-affa-1e2d7b7980f5}</UniqueIdentifier>
    </Filter>
    <Filter Include="Engine\Resources\Header Files">
      <UniqueIdentifier>{911c94bb-63c4-4b46-8297-e2827d312eb7}</UniqueIdentifier>
    </Filter>
    <Filter Include="Engine\Resources\Source Files">
      <UniqueIdentifier>{f603d191-7f9e-4c82-96e0-bd2a4ceb2049}</UniqueIdentifier>
    </Filter>
    <Filter Include="Engine\Light">
      <UniqueIdentifier>{3726c9e7-e959-4271-a820-e43f91927670}</UniqueIdentifier>
    </Filter>
    <Filter Include="Engine\Light\Header Files">
      <UniqueIdentifier>{207b4fe5-3121-48e6-9fbb-dd2219ac330a}</UniqueIdentifier>
    </Filter>
    <Filter Include="Engine\Light\Source Files">
      <UniqueIdentifier>{dc925b30-8c02-4ad4-bfe9-a68a1ca895dc}</UniqueIdentifier>
    </Filter>
    <Filter Include="Engine\Animation">
      <UniqueIdentifier>{48563a86-9f0f-4acb-811c-9588cd6c3aa9}</UniqueIdentifier>
    </Filter>
    <Filter Include="Engine\Animation\Header Files">
      <UniqueIdentifier>{88c697a9-b037-40ec-b919-206d0aa107ab}</UniqueIdentifier>
    </Filter>
    <Filter Include="Engine\Animation\Source Files">
      <UniqueIdentifier>{ac64f253-5d37-4196-bdc4-41ba4aaf1ac6}</UniqueIdentifier>
    </Filter>
  </ItemGroup>
  <ItemGroup>
    <ClCompile Include="Source.cpp">
      <Filter>Source Files</Filter>
    </ClCompile>
    <ClCompile Include="TestPlayer.cpp">
      <Filter>Source Files</Filter>
    </ClCompile>
    <ClCompile Include="SolidBlock.cpp">
      <Filter>Source Files</Filter>
    </ClCompile>
    <ClCompile Include="imgui.cpp">
      <Filter>imGUI</Filter>
    </ClCompile>
    <ClCompile Include="imgui_demo.cpp">
      <Filter>imGUI</Filter>
    </ClCompile>
    <ClCompile Include="imgui_draw.cpp">
      <Filter>imGUI</Filter>
    </ClCompile>
    <ClCompile Include="imgui_widgets.cpp">
      <Filter>imGUI</Filter>
    </ClCompile>
    <ClCompile Include="imgui-SFML.cpp">
      <Filter>imGUI</Filter>
    </ClCompile>
    <ClCompile Include="TestProjectile.cpp">
      <Filter>Source Files</Filter>
    </ClCompile>
    <ClCompile Include="Actor.cpp">
      <Filter>Engine\Source Files</Filter>
    </ClCompile>
    <ClCompile Include="Character.cpp">
      <Filter>Engine\Source Files</Filter>
    </ClCompile>
    <ClCompile Include="Context.cpp">
      <Filter>Engine\Source Files</Filter>
    </ClCompile>
    <ClCompile Include="CPhysicsBox.cpp">
      <Filter>Engine\Source Files</Filter>
    </ClCompile>
    <ClCompile Include="Game.cpp">
      <Filter>Engine\Source Files</Filter>
    </ClCompile>
    <ClCompile Include="Object.cpp">
      <Filter>Engine\Source Files</Filter>
    </ClCompile>
    <ClCompile Include="PhysicalMaterial.cpp">
      <Filter>Engine\Source Files</Filter>
    </ClCompile>
    <ClCompile Include="PhysicalObject.cpp">
      <Filter>Engine\Source Files</Filter>
    </ClCompile>
    <ClCompile Include="Projectile.cpp">
      <Filter>Engine\Source Files</Filter>
    </ClCompile>
    <ClCompile Include="Sprite.cpp">
      <Filter>Engine\Source Files</Filter>
    </ClCompile>
    <ClCompile Include="Weapon.cpp">
      <Filter>Source Files</Filter>
    </ClCompile>
    <ClCompile Include="FuncElevator.cpp">
      <Filter>Source Files</Filter>
    </ClCompile>
    <ClCompile Include="FuncRotating.cpp">
      <Filter>Source Files</Filter>
    </ClCompile>
    <ClCompile Include="TextureResource.cpp">
      <Filter>Engine\Resources\Source Files</Filter>
    </ClCompile>
    <ClCompile Include="TextureContainer.cpp">
      <Filter>Engine\Resources\Source Files</Filter>
    </ClCompile>
    <ClCompile Include="SoundResource.cpp">
      <Filter>Engine\Resources\Source Files</Filter>
    </ClCompile>
    <ClCompile Include="SoundContainer.cpp">
      <Filter>Engine\Resources\Source Files</Filter>
    </ClCompile>
    <ClCompile Include="ShaderResource.cpp">
      <Filter>Engine\Resources\Source Files</Filter>
    </ClCompile>
    <ClCompile Include="ShaderResourceContainer.cpp">
      <Filter>Source Files</Filter>
    </ClCompile>
    <ClCompile Include="CLight.cpp">
      <Filter>Engine\Light\Source Files</Filter>
    </ClCompile>
    <ClCompile Include="PointLight.cpp">
      <Filter>Engine\Light\Source Files</Filter>
    </ClCompile>
    <ClCompile Include="ElevatorTrigger.cpp">
      <Filter>Source Files</Filter>
    </ClCompile>
    <ClCompile Include="CTrigger.cpp">
      <Filter>Engine\Source Files</Filter>
    </ClCompile>
    <ClCompile Include="SpriteAnimation.cpp">
      <Filter>Engine\Animation\Source Files</Filter>
    </ClCompile>
    <ClCompile Include="SpritesheetAnimation.cpp">
      <Filter>Engine\Animation\Source Files</Filter>
    </ClCompile>
  </ItemGroup>
  <ItemGroup>
    <ClInclude Include="SolidBlock.h">
      <Filter>Header Files</Filter>
    </ClInclude>
    <ClInclude Include="TestPlayer.h">
      <Filter>Header Files</Filter>
    </ClInclude>
    <ClInclude Include="TestProjectile.h">
      <Filter>Header Files</Filter>
    </ClInclude>
    <ClInclude Include="Actor.h">
      <Filter>Engine\Header Files</Filter>
    </ClInclude>
    <ClInclude Include="Character.h">
      <Filter>Engine\Header Files</Filter>
    </ClInclude>
    <ClInclude Include="Context.h">
      <Filter>Engine\Header Files</Filter>
    </ClInclude>
    <ClInclude Include="CPhysicsBox.h">
      <Filter>Engine\Header Files</Filter>
    </ClInclude>
    <ClInclude Include="Game.h">
      <Filter>Engine\Header Files</Filter>
    </ClInclude>
    <ClInclude Include="LUAClassRegisterFunctions.h">
      <Filter>Engine\Header Files</Filter>
    </ClInclude>
    <ClInclude Include="Macros.h">
      <Filter>Engine\Header Files</Filter>
    </ClInclude>
    <ClInclude Include="MainFuncLib.h">
      <Filter>Engine\Header Files</Filter>
    </ClInclude>
    <ClInclude Include="Object.h">
      <Filter>Engine\Header Files</Filter>
    </ClInclude>
    <ClInclude Include="PhysicalMaterial.h">
      <Filter>Engine\Header Files</Filter>
    </ClInclude>
    <ClInclude Include="PhysicalObject.h">
      <Filter>Engine\Header Files</Filter>
    </ClInclude>
    <ClInclude Include="Projectile.h">
      <Filter>Engine\Header Files</Filter>
    </ClInclude>
    <ClInclude Include="Sprite.h">
      <Filter>Engine\Header Files</Filter>
    </ClInclude>
    <ClInclude Include="Weapon.h">
      <Filter>Header Files</Filter>
    </ClInclude>
    <ClInclude Include="FuncElevator.h">
      <Filter>Header Files</Filter>
    </ClInclude>
    <ClInclude Include="FuncRotating.h">
      <Filter>Header Files</Filter>
    </ClInclude>
    <ClInclude Include="TextureResource.h">
      <Filter>Engine\Resources\Header Files</Filter>
    </ClInclude>
    <ClInclude Include="TextureContainer.h">
      <Filter>Engine\Resources\Header Files</Filter>
    </ClInclude>
    <ClInclude Include="SoundContainer.h">
      <Filter>Engine\Resources\Header Files</Filter>
    </ClInclude>
    <ClInclude Include="SoundResource.h">
      <Filter>Engine\Resources\Header Files</Filter>
    </ClInclude>
    <ClInclude Include="ShaderResource.h">
      <Filter>Engine\Resources\Header Files</Filter>
    </ClInclude>
    <ClInclude Include="ShaderResourceContainer.h">
      <Filter>Header Files</Filter>
    </ClInclude>
    <ClInclude Include="CLight.h">
      <Filter>Engine\Light\Header Files</Filter>
    </ClInclude>
    <ClInclude Include="PointLight.h">
      <Filter>Engine\Light\Header Files</Filter>
    </ClInclude>
    <ClInclude Include="CTrigger.h">
      <Filter>Engine\Header Files</Filter>
    </ClInclude>
    <ClInclude Include="ElevatorTrigger.h">
      <Filter>Header Files</Filter>
    </ClInclude>
    <ClInclude Include="SpriteAnimation.h">
      <Filter>Engine\Animation\Header Files</Filter>
    </ClInclude>
    <ClInclude Include="SpritesheetAnimation.h">
      <Filter>Engine\Animation\Header Files</Filter>
    </ClInclude>
  </ItemGroup>
</Project>